
Microsoft Visual Studio Solution File, Format Version 12.00
# Visual Studio Version 16
VisualStudioVersion = 16.0.29424.173
MinimumVisualStudioVersion = 10.0.40219.1
Project("{FAE04EC0-301F-11D3-BF4B-00C04F79EFBC}") = "EuroMobile", "EuroMobile\EuroMobile\EuroMobile.csproj", "{FDC64BCB-D247-4307-8F1A-9B4B312647E4}"
EndProject
Project("{FAE04EC0-301F-11D3-BF4B-00C04F79EFBC}") = "EuroMobile.Android", "EuroMobile\EuroMobile.Android\EuroMobile.Android.csproj", "{A45F1680-44CF-412F-BB42-A8FDE3D888FA}"
EndProject
Project("{FAE04EC0-301F-11D3-BF4B-00C04F79EFBC}") = "EuroMobile.iOS", "EuroMobile\EuroMobile.iOS\EuroMobile.iOS.csproj", "{86A22D64-4C55-4290-9780-E9F6EF198824}"
EndProject
Project("{FAE04EC0-301F-11D3-BF4B-00C04F79EFBC}") = "EuroMobile.UWP", "EuroMobile\EuroMobile.UWP\EuroMobile.UWP.csproj", "{A69F62BF-4495-4F40-AB89-06A2FDC96C10}"
EndProject
Global
	GlobalSection(SolutionConfigurationPlatforms) = preSolution
		Ad-Hoc|Any CPU = Ad-Hoc|Any CPU
		Ad-Hoc|ARM = Ad-Hoc|ARM
		Ad-Hoc|iPhone = Ad-Hoc|iPhone
		Ad-Hoc|iPhoneSimulator = Ad-Hoc|iPhoneSimulator
		Ad-Hoc|x64 = Ad-Hoc|x64
		Ad-Hoc|x86 = Ad-Hoc|x86
		AppStore|Any CPU = AppStore|Any CPU
		AppStore|ARM = AppStore|ARM
		AppStore|iPhone = AppStore|iPhone
		AppStore|iPhoneSimulator = AppStore|iPhoneSimulator
		AppStore|x64 = AppStore|x64
		AppStore|x86 = AppStore|x86
		Debug|Any CPU = Debug|Any CPU
		Debug|ARM = Debug|ARM
		Debug|iPhone = Debug|iPhone
		Debug|iPhoneSimulator = Debug|iPhoneSimulator
		Debug|x64 = Debug|x64
		Debug|x86 = Debug|x86
		Release|Any CPU = Release|Any CPU
		Release|ARM = Release|ARM
		Release|iPhone = Release|iPhone
		Release|iPhoneSimulator = Release|iPhoneSimulator
		Release|x64 = Release|x64
		Release|x86 = Release|x86
	EndGlobalSection
	GlobalSection(ProjectConfigurationPlatforms) = postSolution
		{FDC64BCB-D247-4307-8F1A-9B4B312647E4}.Ad-Hoc|Any CPU.ActiveCfg = Debug|Any CPU
		{FDC64BCB-D247-4307-8F1A-9B4B312647E4}.Ad-Hoc|Any CPU.Build.0 = Debug|Any CPU
		{FDC64BCB-D247-4307-8F1A-9B4B312647E4}.Ad-Hoc|ARM.ActiveCfg = Debug|Any CPU
		{FDC64BCB-D247-4307-8F1A-9B4B312647E4}.Ad-Hoc|ARM.Build.0 = Debug|Any CPU
		{FDC64BCB-D247-4307-8F1A-9B4B312647E4}.Ad-Hoc|iPhone.ActiveCfg = Debug|Any CPU
		{FDC64BCB-D247-4307-8F1A-9B4B312647E4}.Ad-Hoc|iPhone.Build.0 = Debug|Any CPU
		{FDC64BCB-D247-4307-8F1A-9B4B312647E4}.Ad-Hoc|iPhoneSimulator.ActiveCfg = Debug|Any CPU
		{FDC64BCB-D247-4307-8F1A-9B4B312647E4}.Ad-Hoc|iPhoneSimulator.Build.0 = Debug|Any CPU
		{FDC64BCB-D247-4307-8F1A-9B4B312647E4}.Ad-Hoc|x64.ActiveCfg = Debug|Any CPU
		{FDC64BCB-D247-4307-8F1A-9B4B312647E4}.Ad-Hoc|x64.Build.0 = Debug|Any CPU
		{FDC64BCB-D247-4307-8F1A-9B4B312647E4}.Ad-Hoc|x86.ActiveCfg = Debug|Any CPU
		{FDC64BCB-D247-4307-8F1A-9B4B312647E4}.Ad-Hoc|x86.Build.0 = Debug|Any CPU
		{FDC64BCB-D247-4307-8F1A-9B4B312647E4}.AppStore|Any CPU.ActiveCfg = Debug|Any CPU
		{FDC64BCB-D247-4307-8F1A-9B4B312647E4}.AppStore|Any CPU.Build.0 = Debug|Any CPU
		{FDC64BCB-D247-4307-8F1A-9B4B312647E4}.AppStore|ARM.ActiveCfg = Debug|Any CPU
		{FDC64BCB-D247-4307-8F1A-9B4B312647E4}.AppStore|ARM.Build.0 = Debug|Any CPU
		{FDC64BCB-D247-4307-8F1A-9B4B312647E4}.AppStore|iPhone.ActiveCfg = Debug|Any CPU
		{FDC64BCB-D247-4307-8F1A-9B4B312647E4}.AppStore|iPhone.Build.0 = Debug|Any CPU
		{FDC64BCB-D247-4307-8F1A-9B4B312647E4}.AppStore|iPhoneSimulator.ActiveCfg = Debug|Any CPU
		{FDC64BCB-D247-4307-8F1A-9B4B312647E4}.AppStore|iPhoneSimulator.Build.0 = Debug|Any CPU
		{FDC64BCB-D247-4307-8F1A-9B4B312647E4}.AppStore|x64.ActiveCfg = Debug|Any CPU
		{FDC64BCB-D247-4307-8F1A-9B4B312647E4}.AppStore|x64.Build.0 = Debug|Any CPU
		{FDC64BCB-D247-4307-8F1A-9B4B312647E4}.AppStore|x86.ActiveCfg = Debug|Any CPU
		{FDC64BCB-D247-4307-8F1A-9B4B312647E4}.AppStore|x86.Build.0 = Debug|Any CPU
		{FDC64BCB-D247-4307-8F1A-9B4B312647E4}.Debug|Any CPU.ActiveCfg = Debug|Any CPU
		{FDC64BCB-D247-4307-8F1A-9B4B312647E4}.Debug|Any CPU.Build.0 = Debug|Any CPU
		{FDC64BCB-D247-4307-8F1A-9B4B312647E4}.Debug|ARM.ActiveCfg = Debug|Any CPU
		{FDC64BCB-D247-4307-8F1A-9B4B312647E4}.Debug|ARM.Build.0 = Debug|Any CPU
		{FDC64BCB-D247-4307-8F1A-9B4B312647E4}.Debug|iPhone.ActiveCfg = Debug|Any CPU
		{FDC64BCB-D247-4307-8F1A-9B4B312647E4}.Debug|iPhone.Build.0 = Debug|Any CPU
		{FDC64BCB-D247-4307-8F1A-9B4B312647E4}.Debug|iPhoneSimulator.ActiveCfg = Debug|Any CPU
		{FDC64BCB-D247-4307-8F1A-9B4B312647E4}.Debug|iPhoneSimulator.Build.0 = Debug|Any CPU
		{FDC64BCB-D247-4307-8F1A-9B4B312647E4}.Debug|x64.ActiveCfg = Debug|Any CPU
		{FDC64BCB-D247-4307-8F1A-9B4B312647E4}.Debug|x64.Build.0 = Debug|Any CPU
		{FDC64BCB-D247-4307-8F1A-9B4B312647E4}.Debug|x86.ActiveCfg = Debug|Any CPU
		{FDC64BCB-D247-4307-8F1A-9B4B312647E4}.Debug|x86.Build.0 = Debug|Any CPU
		{FDC64BCB-D247-4307-8F1A-9B4B312647E4}.Release|Any CPU.ActiveCfg = Release|Any CPU
		{FDC64BCB-D247-4307-8F1A-9B4B312647E4}.Release|Any CPU.Build.0 = Release|Any CPU
		{FDC64BCB-D247-4307-8F1A-9B4B312647E4}.Release|ARM.ActiveCfg = Release|Any CPU
		{FDC64BCB-D247-4307-8F1A-9B4B312647E4}.Release|ARM.Build.0 = Release|Any CPU
		{FDC64BCB-D247-4307-8F1A-9B4B312647E4}.Release|iPhone.ActiveCfg = Release|Any CPU
		{FDC64BCB-D247-4307-8F1A-9B4B312647E4}.Release|iPhone.Build.0 = Release|Any CPU
		{FDC64BCB-D247-4307-8F1A-9B4B312647E4}.Release|iPhoneSimulator.ActiveCfg = Release|Any CPU
		{FDC64BCB-D247-4307-8F1A-9B4B312647E4}.Release|iPhoneSimulator.Build.0 = Release|Any CPU
		{FDC64BCB-D247-4307-8F1A-9B4B312647E4}.Release|x64.ActiveCfg = Release|Any CPU
		{FDC64BCB-D247-4307-8F1A-9B4B312647E4}.Release|x64.Build.0 = Release|Any CPU
		{FDC64BCB-D247-4307-8F1A-9B4B312647E4}.Release|x86.ActiveCfg = Release|Any CPU
		{FDC64BCB-D247-4307-8F1A-9B4B312647E4}.Release|x86.Build.0 = Release|Any CPU
		{A45F1680-44CF-412F-BB42-A8FDE3D888FA}.Ad-Hoc|Any CPU.ActiveCfg = Release|Any CPU
		{A45F1680-44CF-412F-BB42-A8FDE3D888FA}.Ad-Hoc|Any CPU.Build.0 = Release|Any CPU
		{A45F1680-44CF-412F-BB42-A8FDE3D888FA}.Ad-Hoc|Any CPU.Deploy.0 = Release|Any CPU
		{A45F1680-44CF-412F-BB42-A8FDE3D888FA}.Ad-Hoc|ARM.ActiveCfg = Release|Any CPU
		{A45F1680-44CF-412F-BB42-A8FDE3D888FA}.Ad-Hoc|ARM.Build.0 = Release|Any CPU
		{A45F1680-44CF-412F-BB42-A8FDE3D888FA}.Ad-Hoc|ARM.Deploy.0 = Release|Any CPU
		{A45F1680-44CF-412F-BB42-A8FDE3D888FA}.Ad-Hoc|iPhone.ActiveCfg = Release|Any CPU
		{A45F1680-44CF-412F-BB42-A8FDE3D888FA}.Ad-Hoc|iPhone.Build.0 = Release|Any CPU
		{A45F1680-44CF-412F-BB42-A8FDE3D888FA}.Ad-Hoc|iPhone.Deploy.0 = Release|Any CPU
		{A45F1680-44CF-412F-BB42-A8FDE3D888FA}.Ad-Hoc|iPhoneSimulator.ActiveCfg = Release|Any CPU
		{A45F1680-44CF-412F-BB42-A8FDE3D888FA}.Ad-Hoc|iPhoneSimulator.Build.0 = Release|Any CPU
		{A45F1680-44CF-412F-BB42-A8FDE3D888FA}.Ad-Hoc|iPhoneSimulator.Deploy.0 = Release|Any CPU
		{A45F1680-44CF-412F-BB42-A8FDE3D888FA}.Ad-Hoc|x64.ActiveCfg = Release|Any CPU
		{A45F1680-44CF-412F-BB42-A8FDE3D888FA}.Ad-Hoc|x64.Build.0 = Release|Any CPU
		{A45F1680-44CF-412F-BB42-A8FDE3D888FA}.Ad-Hoc|x64.Deploy.0 = Release|Any CPU
		{A45F1680-44CF-412F-BB42-A8FDE3D888FA}.Ad-Hoc|x86.ActiveCfg = Release|Any CPU
		{A45F1680-44CF-412F-BB42-A8FDE3D888FA}.Ad-Hoc|x86.Build.0 = Release|Any CPU
		{A45F1680-44CF-412F-BB42-A8FDE3D888FA}.Ad-Hoc|x86.Deploy.0 = Release|Any CPU
		{A45F1680-44CF-412F-BB42-A8FDE3D888FA}.AppStore|Any CPU.ActiveCfg = Release|Any CPU
		{A45F1680-44CF-412F-BB42-A8FDE3D888FA}.AppStore|Any CPU.Build.0 = Release|Any CPU
		{A45F1680-44CF-412F-BB42-A8FDE3D888FA}.AppStore|Any CPU.Deploy.0 = Release|Any CPU
		{A45F1680-44CF-412F-BB42-A8FDE3D888FA}.AppStore|ARM.ActiveCfg = Release|Any CPU
		{A45F1680-44CF-412F-BB42-A8FDE3D888FA}.AppStore|ARM.Build.0 = Release|Any CPU
		{A45F1680-44CF-412F-BB42-A8FDE3D888FA}.AppStore|ARM.Deploy.0 = Release|Any CPU
		{A45F1680-44CF-412F-BB42-A8FDE3D888FA}.AppStore|iPhone.ActiveCfg = Release|Any CPU
		{A45F1680-44CF-412F-BB42-A8FDE3D888FA}.AppStore|iPhone.Build.0 = Release|Any CPU
		{A45F1680-44CF-412F-BB42-A8FDE3D888FA}.AppStore|iPhone.Deploy.0 = Release|Any CPU
		{A45F1680-44CF-412F-BB42-A8FDE3D888FA}.AppStore|iPhoneSimulator.ActiveCfg = Release|Any CPU
		{A45F1680-44CF-412F-BB42-A8FDE3D888FA}.AppStore|iPhoneSimulator.Build.0 = Release|Any CPU
		{A45F1680-44CF-412F-BB42-A8FDE3D888FA}.AppStore|iPhoneSimulator.Deploy.0 = Release|Any CPU
		{A45F1680-44CF-412F-BB42-A8FDE3D888FA}.AppStore|x64.ActiveCfg = Release|Any CPU
		{A45F1680-44CF-412F-BB42-A8FDE3D888FA}.AppStore|x64.Build.0 = Release|Any CPU
		{A45F1680-44CF-412F-BB42-A8FDE3D888FA}.AppStore|x64.Deploy.0 = Release|Any CPU
		{A45F1680-44CF-412F-BB42-A8FDE3D888FA}.AppStore|x86.ActiveCfg = Release|Any CPU
		{A45F1680-44CF-412F-BB42-A8FDE3D888FA}.AppStore|x86.Build.0 = Release|Any CPU
		{A45F1680-44CF-412F-BB42-A8FDE3D888FA}.AppStore|x86.Deploy.0 = Release|Any CPU
		{A45F1680-44CF-412F-BB42-A8FDE3D888FA}.Debug|Any CPU.ActiveCfg = Debug|Any CPU
		{A45F1680-44CF-412F-BB42-A8FDE3D888FA}.Debug|Any CPU.Build.0 = Debug|Any CPU
		{A45F1680-44CF-412F-BB42-A8FDE3D888FA}.Debug|Any CPU.Deploy.0 = Debug|Any CPU
		{A45F1680-44CF-412F-BB42-A8FDE3D888FA}.Debug|ARM.ActiveCfg = Debug|Any CPU
		{A45F1680-44CF-412F-BB42-A8FDE3D888FA}.Debug|ARM.Build.0 = Debug|Any CPU
		{A45F1680-44CF-412F-BB42-A8FDE3D888FA}.Debug|ARM.Deploy.0 = Debug|Any CPU
		{A45F1680-44CF-412F-BB42-A8FDE3D888FA}.Debug|iPhone.ActiveCfg = Debug|Any CPU
		{A45F1680-44CF-412F-BB42-A8FDE3D888FA}.Debug|iPhone.Build.0 = Debug|Any CPU
		{A45F1680-44CF-412F-BB42-A8FDE3D888FA}.Debug|iPhone.Deploy.0 = Debug|Any CPU
		{A45F1680-44CF-412F-BB42-A8FDE3D888FA}.Debug|iPhoneSimulator.ActiveCfg = Debug|Any CPU
		{A45F1680-44CF-412F-BB42-A8FDE3D888FA}.Debug|iPhoneSimulator.Build.0 = Debug|Any CPU
		{A45F1680-44CF-412F-BB42-A8FDE3D888FA}.Debug|iPhoneSimulator.Deploy.0 = Debug|Any CPU
		{A45F1680-44CF-412F-BB42-A8FDE3D888FA}.Debug|x64.ActiveCfg = Debug|Any CPU
		{A45F1680-44CF-412F-BB42-A8FDE3D888FA}.Debug|x64.Build.0 = Debug|Any CPU
		{A45F1680-44CF-412F-BB42-A8FDE3D888FA}.Debug|x64.Deploy.0 = Debug|Any CPU
		{A45F1680-44CF-412F-BB42-A8FDE3D888FA}.Debug|x86.ActiveCfg = Debug|Any CPU
		{A45F1680-44CF-412F-BB42-A8FDE3D888FA}.Debug|x86.Build.0 = Debug|Any CPU
		{A45F1680-44CF-412F-BB42-A8FDE3D888FA}.Debug|x86.Deploy.0 = Debug|Any CPU
		{A45F1680-44CF-412F-BB42-A8FDE3D888FA}.Release|Any CPU.ActiveCfg = Release|Any CPU
		{A45F1680-44CF-412F-BB42-A8FDE3D888FA}.Release|Any CPU.Build.0 = Release|Any CPU
		{A45F1680-44CF-412F-BB42-A8FDE3D888FA}.Release|Any CPU.Deploy.0 = Release|Any CPU
		{A45F1680-44CF-412F-BB42-A8FDE3D888FA}.Release|ARM.ActiveCfg = Release|Any CPU
		{A45F1680-44CF-412F-BB42-A8FDE3D888FA}.Release|ARM.Build.0 = Release|Any CPU
		{A45F1680-44CF-412F-BB42-A8FDE3D888FA}.Release|ARM.Deploy.0 = Release|Any CPU
		{A45F1680-44CF-412F-BB42-A8FDE3D888FA}.Release|iPhone.ActiveCfg = Release|Any CPU
		{A45F1680-44CF-412F-BB42-A8FDE3D888FA}.Release|iPhone.Build.0 = Release|Any CPU
		{A45F1680-44CF-412F-BB42-A8FDE3D888FA}.Release|iPhone.Deploy.0 = Release|Any CPU
		{A45F1680-44CF-412F-BB42-A8FDE3D888FA}.Release|iPhoneSimulator.ActiveCfg = Release|Any CPU
		{A45F1680-44CF-412F-BB42-A8FDE3D888FA}.Release|iPhoneSimulator.Build.0 = Release|Any CPU
		{A45F1680-44CF-412F-BB42-A8FDE3D888FA}.Release|iPhoneSimulator.Deploy.0 = Release|Any CPU
		{A45F1680-44CF-412F-BB42-A8FDE3D888FA}.Release|x64.ActiveCfg = Release|Any CPU
		{A45F1680-44CF-412F-BB42-A8FDE3D888FA}.Release|x64.Build.0 = Release|Any CPU
		{A45F1680-44CF-412F-BB42-A8FDE3D888FA}.Release|x64.Deploy.0 = Release|Any CPU
		{A45F1680-44CF-412F-BB42-A8FDE3D888FA}.Release|x86.ActiveCfg = Release|Any CPU
		{A45F1680-44CF-412F-BB42-A8FDE3D888FA}.Release|x86.Build.0 = Release|Any CPU
		{A45F1680-44CF-412F-BB42-A8FDE3D888FA}.Release|x86.Deploy.0 = Release|Any CPU
		{86A22D64-4C55-4290-9780-E9F6EF198824}.Ad-Hoc|Any CPU.ActiveCfg = Ad-Hoc|iPhone
		{86A22D64-4C55-4290-9780-E9F6EF198824}.Ad-Hoc|ARM.ActiveCfg = Ad-Hoc|iPhone
		{86A22D64-4C55-4290-9780-E9F6EF198824}.Ad-Hoc|iPhone.ActiveCfg = Ad-Hoc|iPhone
		{86A22D64-4C55-4290-9780-E9F6EF198824}.Ad-Hoc|iPhone.Build.0 = Ad-Hoc|iPhone
		{86A22D64-4C55-4290-9780-E9F6EF198824}.Ad-Hoc|iPhoneSimulator.ActiveCfg = Ad-Hoc|iPhoneSimulator
		{86A22D64-4C55-4290-9780-E9F6EF198824}.Ad-Hoc|iPhoneSimulator.Build.0 = Ad-Hoc|iPhoneSimulator
		{86A22D64-4C55-4290-9780-E9F6EF198824}.Ad-Hoc|x64.ActiveCfg = Ad-Hoc|iPhone
		{86A22D64-4C55-4290-9780-E9F6EF198824}.Ad-Hoc|x86.ActiveCfg = Ad-Hoc|iPhone
		{86A22D64-4C55-4290-9780-E9F6EF198824}.AppStore|Any CPU.ActiveCfg = AppStore|iPhone
		{86A22D64-4C55-4290-9780-E9F6EF198824}.AppStore|ARM.ActiveCfg = AppStore|iPhone
		{86A22D64-4C55-4290-9780-E9F6EF198824}.AppStore|iPhone.ActiveCfg = AppStore|iPhone
		{86A22D64-4C55-4290-9780-E9F6EF198824}.AppStore|iPhone.Build.0 = AppStore|iPhone
		{86A22D64-4C55-4290-9780-E9F6EF198824}.AppStore|iPhoneSimulator.ActiveCfg = AppStore|iPhoneSimulator
		{86A22D64-4C55-4290-9780-E9F6EF198824}.AppStore|iPhoneSimulator.Build.0 = AppStore|iPhoneSimulator
		{86A22D64-4C55-4290-9780-E9F6EF198824}.AppStore|x64.ActiveCfg = AppStore|iPhone
		{86A22D64-4C55-4290-9780-E9F6EF198824}.AppStore|x86.ActiveCfg = AppStore|iPhone
		{86A22D64-4C55-4290-9780-E9F6EF198824}.Debug|Any CPU.ActiveCfg = Debug|iPhone
		{86A22D64-4C55-4290-9780-E9F6EF198824}.Debug|ARM.ActiveCfg = Debug|iPhone
		{86A22D64-4C55-4290-9780-E9F6EF198824}.Debug|iPhone.ActiveCfg = Debug|iPhone
		{86A22D64-4C55-4290-9780-E9F6EF198824}.Debug|iPhone.Build.0 = Debug|iPhone
		{86A22D64-4C55-4290-9780-E9F6EF198824}.Debug|iPhoneSimulator.ActiveCfg = Debug|iPhoneSimulator
		{86A22D64-4C55-4290-9780-E9F6EF198824}.Debug|iPhoneSimulator.Build.0 = Debug|iPhoneSimulator
		{86A22D64-4C55-4290-9780-E9F6EF198824}.Debug|x64.ActiveCfg = Debug|iPhone
		{86A22D64-4C55-4290-9780-E9F6EF198824}.Debug|x86.ActiveCfg = Debug|iPhone
		{86A22D64-4C55-4290-9780-E9F6EF198824}.Release|Any CPU.ActiveCfg = Release|iPhone
		{86A22D64-4C55-4290-9780-E9F6EF198824}.Release|ARM.ActiveCfg = Release|iPhone
		{86A22D64-4C55-4290-9780-E9F6EF198824}.Release|iPhone.ActiveCfg = Release|iPhone
		{86A22D64-4C55-4290-9780-E9F6EF198824}.Release|iPhone.Build.0 = Release|iPhone
		{86A22D64-4C55-4290-9780-E9F6EF198824}.Release|iPhoneSimulator.ActiveCfg = Release|iPhoneSimulator
		{86A22D64-4C55-4290-9780-E9F6EF198824}.Release|iPhoneSimulator.Build.0 = Release|iPhoneSimulator
		{86A22D64-4C55-4290-9780-E9F6EF198824}.Release|x64.ActiveCfg = Release|iPhone
		{86A22D64-4C55-4290-9780-E9F6EF198824}.Release|x86.ActiveCfg = Release|iPhone
		{A69F62BF-4495-4F40-AB89-06A2FDC96C10}.Ad-Hoc|Any CPU.ActiveCfg = Release|x86
		{A69F62BF-4495-4F40-AB89-06A2FDC96C10}.Ad-Hoc|Any CPU.Build.0 = Release|x86
		{A69F62BF-4495-4F40-AB89-06A2FDC96C10}.Ad-Hoc|Any CPU.Deploy.0 = Release|x86
		{A69F62BF-4495-4F40-AB89-06A2FDC96C10}.Ad-Hoc|ARM.ActiveCfg = Release|ARM
		{A69F62BF-4495-4F40-AB89-06A2FDC96C10}.Ad-Hoc|ARM.Build.0 = Release|ARM
		{A69F62BF-4495-4F40-AB89-06A2FDC96C10}.Ad-Hoc|ARM.Deploy.0 = Release|ARM
		{A69F62BF-4495-4F40-AB89-06A2FDC96C10}.Ad-Hoc|iPhone.ActiveCfg = Release|x86
		{A69F62BF-4495-4F40-AB89-06A2FDC96C10}.Ad-Hoc|iPhone.Build.0 = Release|x86
		{A69F62BF-4495-4F40-AB89-06A2FDC96C10}.Ad-Hoc|iPhone.Deploy.0 = Release|x86
		{A69F62BF-4495-4F40-AB89-06A2FDC96C10}.Ad-Hoc|iPhoneSimulator.ActiveCfg = Release|x86
		{A69F62BF-4495-4F40-AB89-06A2FDC96C10}.Ad-Hoc|iPhoneSimulator.Build.0 = Release|x86
		{A69F62BF-4495-4F40-AB89-06A2FDC96C10}.Ad-Hoc|iPhoneSimulator.Deploy.0 = Release|x86
		{A69F62BF-4495-4F40-AB89-06A2FDC96C10}.Ad-Hoc|x64.ActiveCfg = Release|x64
		{A69F62BF-4495-4F40-AB89-06A2FDC96C10}.Ad-Hoc|x64.Build.0 = Release|x64
		{A69F62BF-4495-4F40-AB89-06A2FDC96C10}.Ad-Hoc|x64.Deploy.0 = Release|x64
		{A69F62BF-4495-4F40-AB89-06A2FDC96C10}.Ad-Hoc|x86.ActiveCfg = Release|x86
		{A69F62BF-4495-4F40-AB89-06A2FDC96C10}.Ad-Hoc|x86.Build.0 = Release|x86
		{A69F62BF-4495-4F40-AB89-06A2FDC96C10}.Ad-Hoc|x86.Deploy.0 = Release|x86
		{A69F62BF-4495-4F40-AB89-06A2FDC96C10}.AppStore|Any CPU.ActiveCfg = Release|x86
		{A69F62BF-4495-4F40-AB89-06A2FDC96C10}.AppStore|Any CPU.Build.0 = Release|x86
		{A69F62BF-4495-4F40-AB89-06A2FDC96C10}.AppStore|Any CPU.Deploy.0 = Release|x86
		{A69F62BF-4495-4F40-AB89-06A2FDC96C10}.AppStore|ARM.ActiveCfg = Release|ARM
		{A69F62BF-4495-4F40-AB89-06A2FDC96C10}.AppStore|ARM.Build.0 = Release|ARM
		{A69F62BF-4495-4F40-AB89-06A2FDC96C10}.AppStore|ARM.Deploy.0 = Release|ARM
		{A69F62BF-4495-4F40-AB89-06A2FDC96C10}.AppStore|iPhone.ActiveCfg = Release|x86
		{A69F62BF-4495-4F40-AB89-06A2FDC96C10}.AppStore|iPhone.Build.0 = Release|x86
		{A69F62BF-4495-4F40-AB89-06A2FDC96C10}.AppStore|iPhone.Deploy.0 = Release|x86
		{A69F62BF-4495-4F40-AB89-06A2FDC96C10}.AppStore|iPhoneSimulator.ActiveCfg = Release|x86
		{A69F62BF-4495-4F40-AB89-06A2FDC96C10}.AppStore|iPhoneSimulator.Build.0 = Release|x86
		{A69F62BF-4495-4F40-AB89-06A2FDC96C10}.AppStore|iPhoneSimulator.Deploy.0 = Release|x86
		{A69F62BF-4495-4F40-AB89-06A2FDC96C10}.AppStore|x64.ActiveCfg = Release|x64
		{A69F62BF-4495-4F40-AB89-06A2FDC96C10}.AppStore|x64.Build.0 = Release|x64
		{A69F62BF-4495-4F40-AB89-06A2FDC96C10}.AppStore|x64.Deploy.0 = Release|x64
		{A69F62BF-4495-4F40-AB89-06A2FDC96C10}.AppStore|x86.ActiveCfg = Release|x86
		{A69F62BF-4495-4F40-AB89-06A2FDC96C10}.AppStore|x86.Build.0 = Release|x86
		{A69F62BF-4495-4F40-AB89-06A2FDC96C10}.AppStore|x86.Deploy.0 = Release|x86
		{A69F62BF-4495-4F40-AB89-06A2FDC96C10}.Debug|Any CPU.ActiveCfg = Debug|x86
		{A69F62BF-4495-4F40-AB89-06A2FDC96C10}.Debug|ARM.ActiveCfg = Debug|ARM
		{A69F62BF-4495-4F40-AB89-06A2FDC96C10}.Debug|ARM.Build.0 = Debug|ARM
		{A69F62BF-4495-4F40-AB89-06A2FDC96C10}.Debug|ARM.Deploy.0 = Debug|ARM
		{A69F62BF-4495-4F40-AB89-06A2FDC96C10}.Debug|iPhone.ActiveCfg = Debug|x86
		{A69F62BF-4495-4F40-AB89-06A2FDC96C10}.Debug|iPhoneSimulator.ActiveCfg = Debug|x86
		{A69F62BF-4495-4F40-AB89-06A2FDC96C10}.Debug|x64.ActiveCfg = Debug|x64
		{A69F62BF-4495-4F40-AB89-06A2FDC96C10}.Debug|x64.Build.0 = Debug|x64
		{A69F62BF-4495-4F40-AB89-06A2FDC96C10}.Debug|x64.Deploy.0 = Debug|x64
		{A69F62BF-4495-4F40-AB89-06A2FDC96C10}.Debug|x86.ActiveCfg = Debug|x86
		{A69F62BF-4495-4F40-AB89-06A2FDC96C10}.Debug|x86.Build.0 = Debug|x86
		{A69F62BF-4495-4F40-AB89-06A2FDC96C10}.Debug|x86.Deploy.0 = Debug|x86
		{A69F62BF-4495-4F40-AB89-06A2FDC96C10}.Release|Any CPU.ActiveCfg = Release|x86
		{A69F62BF-4495-4F40-AB89-06A2FDC96C10}.Release|ARM.ActiveCfg = Release|ARM
		{A69F62BF-4495-4F40-AB89-06A2FDC96C10}.Release|ARM.Build.0 = Release|ARM
		{A69F62BF-4495-4F40-AB89-06A2FDC96C10}.Release|ARM.Deploy.0 = Release|ARM
		{A69F62BF-4495-4F40-AB89-06A2FDC96C10}.Release|iPhone.ActiveCfg = Release|x86
		{A69F62BF-4495-4F40-AB89-06A2FDC96C10}.Release|iPhoneSimulator.ActiveCfg = Release|x86
		{A69F62BF-4495-4F40-AB89-06A2FDC96C10}.Release|x64.ActiveCfg = Release|x64
		{A69F62BF-4495-4F40-AB89-06A2FDC96C10}.Release|x64.Build.0 = Release|x64
		{A69F62BF-4495-4F40-AB89-06A2FDC96C10}.Release|x64.Deploy.0 = Release|x64
		{A69F62BF-4495-4F40-AB89-06A2FDC96C10}.Release|x86.ActiveCfg = Release|x86
		{A69F62BF-4495-4F40-AB89-06A2FDC96C10}.Release|x86.Build.0 = Release|x86
		{A69F62BF-4495-4F40-AB89-06A2FDC96C10}.Release|x86.Deploy.0 = Release|x86
	EndGlobalSection
	GlobalSection(SolutionProperties) = preSolution
		HideSolutionNode = FALSE
	EndGlobalSection
	GlobalSection(ExtensibilityGlobals) = postSolution
		SolutionGuid = {473A52BF-C2AF-42E6-AA7E-22541DF98295}
	EndGlobalSection
EndGlobal
